
Microsoft Visual Studio Solution File, Format Version 12.00
# Visual Studio Version 17
VisualStudioVersion = 17.3.32929.385
MinimumVisualStudioVersion = 10.0.40219.1
Project("{8BC9CEB8-8B4A-11D0-8D11-00A0C91BC942}") = "WinBase", "WinBase.vcxproj", "{2BD44FA1-BD53-4D05-8297-ECDCAE058247}"
EndProject
Project("{8BC9CEB8-8B4A-11D0-8D11-00A0C91BC942}") = "WinSysReg", "..\WinSysReg\WinSysReg.vcxproj", "{87EDA646-2652-402A-B63B-F6082C5F7252}"
EndProject
Project("{8BC9CEB8-8B4A-11D0-8D11-00A0C91BC942}") = "WinMsg", "..\WinMsg\WinMsg.vcxproj", "{816D8D5F-BD47-4F33-A212-A78A494CF4A9}"
EndProject
Project("{8BC9CEB8-8B4A-11D0-8D11-00A0C91BC942}") = "WinPaint", "..\WinPaint\WinPaint.vcxproj", "{9060EF8E-90B9-4D54-B5A6-F9162F607356}"
EndProject
Project("{8BC9CEB8-8B4A-11D0-8D11-00A0C91BC942}") = "WinKey", "..\WinKey\WinKey.vcxproj", "{101CEF77-1252-453F-9024-083B1418A13D}"
EndProject
Project("{8BC9CEB8-8B4A-11D0-8D11-00A0C91BC942}") = "WinTimer", "..\WinTimer\WinTimer.vcxproj", "{D6C13DC4-690C-4439-8058-5B86A7F12A48}"
EndProject
Project("{8BC9CEB8-8B4A-11D0-8D11-00A0C91BC942}") = "WinChild", "..\WinChild\WinChild.vcxproj", "{8A47CFBC-F08A-4844-B45B-FCC179973DC0}"
EndProject
Project("{8BC9CEB8-8B4A-11D0-8D11-00A0C91BC942}") = "WinMwnu", "..\WinMwnu\WinMwnu.vcxproj", "{76A57CB3-A9A5-4A42-948C-8655F37C48FB}"
EndProject
Project("{8BC9CEB8-8B4A-11D0-8D11-00A0C91BC942}") = "WinRes", "..\WinRes\WinRes.vcxproj", "{393B8F54-38BB-489E-A2F2-B90902D91A30}"
EndProject
Project("{8BC9CEB8-8B4A-11D0-8D11-00A0C91BC942}") = "WinDraw", "..\WinDraw\WinDraw.vcxproj", "{42C97685-DCB4-4D4B-A5A5-41285712B7CB}"
EndProject
Project("{8BC9CEB8-8B4A-11D0-8D11-00A0C91BC942}") = "WinText", "..\WinText\WinText.vcxproj", "{72810260-C9AC-42CE-ACB6-1BC16DAD5ED7}"
EndProject
Project("{8BC9CEB8-8B4A-11D0-8D11-00A0C91BC942}") = "WinDlg", "..\WinDlg\WinDlg.vcxproj", "{A7DF675B-F5A1-4ECE-9029-AA14529C0D4C}"
EndProject
Project("{8BC9CEB8-8B4A-11D0-8D11-00A0C91BC942}") = "Clib", "..\Clib\Clib.vcxproj", "{8FF39B94-1C74-4AA8-843F-312014A1A1BE}"
EndProject
Project("{8BC9CEB8-8B4A-11D0-8D11-00A0C91BC942}") = "UseClib", "..\UseClib\UseClib.vcxproj", "{AE2E0B2F-E9AC-461A-A639-028202F78E97}"
EndProject
Project("{8BC9CEB8-8B4A-11D0-8D11-00A0C91BC942}") = "CPPlib", "..\CPPlib\CPPlib.vcxproj", "{CC37F620-84DC-478B-BF19-ED208556E54E}"
EndProject
Project("{8BC9CEB8-8B4A-11D0-8D11-00A0C91BC942}") = "UseCPPlib", "..\UseCPPlib\UseCPPlib.vcxproj", "{2751CD88-4F2F-44A5-9DB7-0185E0A389C8}"
EndProject
Project("{8BC9CEB8-8B4A-11D0-8D11-00A0C91BC942}") = "CPPdll", "..\CPPdll\CPPdll.vcxproj", "{4ED9B821-91F2-4C87-9E85-180590D4D941}"
EndProject
Project("{8BC9CEB8-8B4A-11D0-8D11-00A0C91BC942}") = "UseCPPdll", "..\UseCPPdll\UseCPPdll.vcxproj", "{B9C6E94E-B733-441F-8141-D2461D4C9302}"
EndProject
Project("{8BC9CEB8-8B4A-11D0-8D11-00A0C91BC942}") = "UseShow", "..\UseShow\UseShow.vcxproj", "{21C53676-ED1E-4E79-9771-E8942B32B9E4}"
EndProject
Project("{8BC9CEB8-8B4A-11D0-8D11-00A0C91BC942}") = "ClassDll", "..\ClassDll\ClassDll.vcxproj", "{C6D535BB-6CE4-4B9D-A18B-C535ABC94BA1}"
EndProject
Project("{8BC9CEB8-8B4A-11D0-8D11-00A0C91BC942}") = "UseClassDll", "..\UseClassDll\UseClassDll.vcxproj", "{41765F54-7865-4984-9E81-6BF2BFCC869C}"
EndProject
Project("{8BC9CEB8-8B4A-11D0-8D11-00A0C91BC942}") = "WinThread", "..\WinThread\WinThread.vcxproj", "{82E522BA-5546-46F1-92E9-7B381010DC91}"
EndProject
Project("{8BC9CEB8-8B4A-11D0-8D11-00A0C91BC942}") = "WinInterlock", "..\WinInterlock\WinInterlock.vcxproj", "{407556A3-B685-45A7-A6F3-73DA5ABB7232}"
EndProject
Project("{8BC9CEB8-8B4A-11D0-8D11-00A0C91BC942}") = "WinMutex", "..\WinMutex\WinMutex.vcxproj", "{95912590-D476-4371-BACC-7A8FFD444ABE}"
EndProject
Project("{8BC9CEB8-8B4A-11D0-8D11-00A0C91BC942}") = "WinEvent", "..\WinEvent\WinEvent.vcxproj", "{F0D8B19C-3C98-45E5-A332-C97DA530399C}"
EndProject
Project("{8BC9CEB8-8B4A-11D0-8D11-00A0C91BC942}") = "WinSemaphore", "..\WinSemaphore\WinSemaphore.vcxproj", "{19827367-1994-4331-B8C6-119E54065C8C}"
EndProject
Global
	GlobalSection(SolutionConfigurationPlatforms) = preSolution
		Debug|x64 = Debug|x64
		Debug|x86 = Debug|x86
		Release|x64 = Release|x64
		Release|x86 = Release|x86
	EndGlobalSection
	GlobalSection(ProjectConfigurationPlatforms) = postSolution
		{2BD44FA1-BD53-4D05-8297-ECDCAE058247}.Debug|x64.ActiveCfg = Debug|x64
		{2BD44FA1-BD53-4D05-8297-ECDCAE058247}.Debug|x64.Build.0 = Debug|x64
		{2BD44FA1-BD53-4D05-8297-ECDCAE058247}.Debug|x86.ActiveCfg = Debug|Win32
		{2BD44FA1-BD53-4D05-8297-ECDCAE058247}.Debug|x86.Build.0 = Debug|Win32
		{2BD44FA1-BD53-4D05-8297-ECDCAE058247}.Release|x64.ActiveCfg = Release|x64
		{2BD44FA1-BD53-4D05-8297-ECDCAE058247}.Release|x64.Build.0 = Release|x64
		{2BD44FA1-BD53-4D05-8297-ECDCAE058247}.Release|x86.ActiveCfg = Release|Win32
		{2BD44FA1-BD53-4D05-8297-ECDCAE058247}.Release|x86.Build.0 = Release|Win32
		{87EDA646-2652-402A-B63B-F6082C5F7252}.Debug|x64.ActiveCfg = Debug|x64
		{87EDA646-2652-402A-B63B-F6082C5F7252}.Debug|x64.Build.0 = Debug|x64
		{87EDA646-2652-402A-B63B-F6082C5F7252}.Debug|x86.ActiveCfg = Debug|Win32
		{87EDA646-2652-402A-B63B-F6082C5F7252}.Debug|x86.Build.0 = Debug|Win32
		{87EDA646-2652-402A-B63B-F6082C5F7252}.Release|x64.ActiveCfg = Release|x64
		{87EDA646-2652-402A-B63B-F6082C5F7252}.Release|x64.Build.0 = Release|x64
		{87EDA646-2652-402A-B63B-F6082C5F7252}.Release|x86.ActiveCfg = Release|Win32
		{87EDA646-2652-402A-B63B-F6082C5F7252}.Release|x86.Build.0 = Release|Win32
		{816D8D5F-BD47-4F33-A212-A78A494CF4A9}.Debug|x64.ActiveCfg = Debug|x64
		{816D8D5F-BD47-4F33-A212-A78A494CF4A9}.Debug|x64.Build.0 = Debug|x64
		{816D8D5F-BD47-4F33-A212-A78A494CF4A9}.Debug|x86.ActiveCfg = Debug|Win32
		{816D8D5F-BD47-4F33-A212-A78A494CF4A9}.Debug|x86.Build.0 = Debug|Win32
		{816D8D5F-BD47-4F33-A212-A78A494CF4A9}.Release|x64.ActiveCfg = Release|x64
		{816D8D5F-BD47-4F33-A212-A78A494CF4A9}.Release|x64.Build.0 = Release|x64
		{816D8D5F-BD47-4F33-A212-A78A494CF4A9}.Release|x86.ActiveCfg = Release|Win32
		{816D8D5F-BD47-4F33-A212-A78A494CF4A9}.Release|x86.Build.0 = Release|Win32
		{9060EF8E-90B9-4D54-B5A6-F9162F607356}.Debug|x64.ActiveCfg = Debug|x64
		{9060EF8E-90B9-4D54-B5A6-F9162F607356}.Debug|x64.Build.0 = Debug|x64
		{9060EF8E-90B9-4D54-B5A6-F9162F607356}.Debug|x86.ActiveCfg = Debug|Win32
		{9060EF8E-90B9-4D54-B5A6-F9162F607356}.Debug|x86.Build.0 = Debug|Win32
		{9060EF8E-90B9-4D54-B5A6-F9162F607356}.Release|x64.ActiveCfg = Release|x64
		{9060EF8E-90B9-4D54-B5A6-F9162F607356}.Release|x64.Build.0 = Release|x64
		{9060EF8E-90B9-4D54-B5A6-F9162F607356}.Release|x86.ActiveCfg = Release|Win32
		{9060EF8E-90B9-4D54-B5A6-F9162F607356}.Release|x86.Build.0 = Release|Win32
		{101CEF77-1252-453F-9024-083B1418A13D}.Debug|x64.ActiveCfg = Debug|x64
		{101CEF77-1252-453F-9024-083B1418A13D}.Debug|x64.Build.0 = Debug|x64
		{101CEF77-1252-453F-9024-083B1418A13D}.Debug|x86.ActiveCfg = Debug|Win32
		{101CEF77-1252-453F-9024-083B1418A13D}.Debug|x86.Build.0 = Debug|Win32
		{101CEF77-1252-453F-9024-083B1418A13D}.Release|x64.ActiveCfg = Release|x64
		{101CEF77-1252-453F-9024-083B1418A13D}.Release|x64.Build.0 = Release|x64
		{101CEF77-1252-453F-9024-083B1418A13D}.Release|x86.ActiveCfg = Release|Win32
		{101CEF77-1252-453F-9024-083B1418A13D}.Release|x86.Build.0 = Release|Win32
		{D6C13DC4-690C-4439-8058-5B86A7F12A48}.Debug|x64.ActiveCfg = Debug|x64
		{D6C13DC4-690C-4439-8058-5B86A7F12A48}.Debug|x64.Build.0 = Debug|x64
		{D6C13DC4-690C-4439-8058-5B86A7F12A48}.Debug|x86.ActiveCfg = Debug|Win32
		{D6C13DC4-690C-4439-8058-5B86A7F12A48}.Debug|x86.Build.0 = Debug|Win32
		{D6C13DC4-690C-4439-8058-5B86A7F12A48}.Release|x64.ActiveCfg = Release|x64
		{D6C13DC4-690C-4439-8058-5B86A7F12A48}.Release|x64.Build.0 = Release|x64
		{D6C13DC4-690C-4439-8058-5B86A7F12A48}.Release|x86.ActiveCfg = Release|Win32
		{D6C13DC4-690C-4439-8058-5B86A7F12A48}.Release|x86.Build.0 = Release|Win32
		{8A47CFBC-F08A-4844-B45B-FCC179973DC0}.Debug|x64.ActiveCfg = Debug|x64
		{8A47CFBC-F08A-4844-B45B-FCC179973DC0}.Debug|x64.Build.0 = Debug|x64
		{8A47CFBC-F08A-4844-B45B-FCC179973DC0}.Debug|x86.ActiveCfg = Debug|Win32
		{8A47CFBC-F08A-4844-B45B-FCC179973DC0}.Debug|x86.Build.0 = Debug|Win32
		{8A47CFBC-F08A-4844-B45B-FCC179973DC0}.Release|x64.ActiveCfg = Release|x64
		{8A47CFBC-F08A-4844-B45B-FCC179973DC0}.Release|x64.Build.0 = Release|x64
		{8A47CFBC-F08A-4844-B45B-FCC179973DC0}.Release|x86.ActiveCfg = Release|Win32
		{8A47CFBC-F08A-4844-B45B-FCC179973DC0}.Release|x86.Build.0 = Release|Win32
		{76A57CB3-A9A5-4A42-948C-8655F37C48FB}.Debug|x64.ActiveCfg = Debug|x64
		{76A57CB3-A9A5-4A42-948C-8655F37C48FB}.Debug|x64.Build.0 = Debug|x64
		{76A57CB3-A9A5-4A42-948C-8655F37C48FB}.Debug|x86.ActiveCfg = Debug|Win32
		{76A57CB3-A9A5-4A42-948C-8655F37C48FB}.Debug|x86.Build.0 = Debug|Win32
		{76A57CB3-A9A5-4A42-948C-8655F37C48FB}.Release|x64.ActiveCfg = Release|x64
		{76A57CB3-A9A5-4A42-948C-8655F37C48FB}.Release|x64.Build.0 = Release|x64
		{76A57CB3-A9A5-4A42-948C-8655F37C48FB}.Release|x86.ActiveCfg = Release|Win32
		{76A57CB3-A9A5-4A42-948C-8655F37C48FB}.Release|x86.Build.0 = Release|Win32
		{393B8F54-38BB-489E-A2F2-B90902D91A30}.Debug|x64.ActiveCfg = Debug|x64
		{393B8F54-38BB-489E-A2F2-B90902D91A30}.Debug|x64.Build.0 = Debug|x64
		{393B8F54-38BB-489E-A2F2-B90902D91A30}.Debug|x86.ActiveCfg = Debug|Win32
		{393B8F54-38BB-489E-A2F2-B90902D91A30}.Debug|x86.Build.0 = Debug|Win32
		{393B8F54-38BB-489E-A2F2-B90902D91A30}.Release|x64.ActiveCfg = Release|x64
		{393B8F54-38BB-489E-A2F2-B90902D91A30}.Release|x64.Build.0 = Release|x64
		{393B8F54-38BB-489E-A2F2-B90902D91A30}.Release|x86.ActiveCfg = Release|Win32
		{393B8F54-38BB-489E-A2F2-B90902D91A30}.Release|x86.Build.0 = Release|Win32
		{42C97685-DCB4-4D4B-A5A5-41285712B7CB}.Debug|x64.ActiveCfg = Debug|x64
		{42C97685-DCB4-4D4B-A5A5-41285712B7CB}.Debug|x64.Build.0 = Debug|x64
		{42C97685-DCB4-4D4B-A5A5-41285712B7CB}.Debug|x86.ActiveCfg = Debug|Win32
		{42C97685-DCB4-4D4B-A5A5-41285712B7CB}.Debug|x86.Build.0 = Debug|Win32
		{42C97685-DCB4-4D4B-A5A5-41285712B7CB}.Release|x64.ActiveCfg = Release|x64
		{42C97685-DCB4-4D4B-A5A5-41285712B7CB}.Release|x64.Build.0 = Release|x64
		{42C97685-DCB4-4D4B-A5A5-41285712B7CB}.Release|x86.ActiveCfg = Release|Win32
		{42C97685-DCB4-4D4B-A5A5-41285712B7CB}.Release|x86.Build.0 = Release|Win32
		{72810260-C9AC-42CE-ACB6-1BC16DAD5ED7}.Debug|x64.ActiveCfg = Debug|x64
		{72810260-C9AC-42CE-ACB6-1BC16DAD5ED7}.Debug|x64.Build.0 = Debug|x64
		{72810260-C9AC-42CE-ACB6-1BC16DAD5ED7}.Debug|x86.ActiveCfg = Debug|Win32
		{72810260-C9AC-42CE-ACB6-1BC16DAD5ED7}.Debug|x86.Build.0 = Debug|Win32
		{72810260-C9AC-42CE-ACB6-1BC16DAD5ED7}.Release|x64.ActiveCfg = Release|x64
		{72810260-C9AC-42CE-ACB6-1BC16DAD5ED7}.Release|x64.Build.0 = Release|x64
		{72810260-C9AC-42CE-ACB6-1BC16DAD5ED7}.Release|x86.ActiveCfg = Release|Win32
		{72810260-C9AC-42CE-ACB6-1BC16DAD5ED7}.Release|x86.Build.0 = Release|Win32
		{A7DF675B-F5A1-4ECE-9029-AA14529C0D4C}.Debug|x64.ActiveCfg = Debug|x64
		{A7DF675B-F5A1-4ECE-9029-AA14529C0D4C}.Debug|x64.Build.0 = Debug|x64
		{A7DF675B-F5A1-4ECE-9029-AA14529C0D4C}.Debug|x86.ActiveCfg = Debug|Win32
		{A7DF675B-F5A1-4ECE-9029-AA14529C0D4C}.Debug|x86.Build.0 = Debug|Win32
		{A7DF675B-F5A1-4ECE-9029-AA14529C0D4C}.Release|x64.ActiveCfg = Release|x64
		{A7DF675B-F5A1-4ECE-9029-AA14529C0D4C}.Release|x64.Build.0 = Release|x64
		{A7DF675B-F5A1-4ECE-9029-AA14529C0D4C}.Release|x86.ActiveCfg = Release|Win32
		{A7DF675B-F5A1-4ECE-9029-AA14529C0D4C}.Release|x86.Build.0 = Release|Win32
		{8FF39B94-1C74-4AA8-843F-312014A1A1BE}.Debug|x64.ActiveCfg = Debug|x64
		{8FF39B94-1C74-4AA8-843F-312014A1A1BE}.Debug|x64.Build.0 = Debug|x64
		{8FF39B94-1C74-4AA8-843F-312014A1A1BE}.Debug|x86.ActiveCfg = Debug|Win32
		{8FF39B94-1C74-4AA8-843F-312014A1A1BE}.Debug|x86.Build.0 = Debug|Win32
		{8FF39B94-1C74-4AA8-843F-312014A1A1BE}.Release|x64.ActiveCfg = Release|x64
		{8FF39B94-1C74-4AA8-843F-312014A1A1BE}.Release|x64.Build.0 = Release|x64
		{8FF39B94-1C74-4AA8-843F-312014A1A1BE}.Release|x86.ActiveCfg = Release|Win32
		{8FF39B94-1C74-4AA8-843F-312014A1A1BE}.Release|x86.Build.0 = Release|Win32
		{AE2E0B2F-E9AC-461A-A639-028202F78E97}.Debug|x64.ActiveCfg = Debug|x64
		{AE2E0B2F-E9AC-461A-A639-028202F78E97}.Debug|x64.Build.0 = Debug|x64
		{AE2E0B2F-E9AC-461A-A639-028202F78E97}.Debug|x86.ActiveCfg = Debug|Win32
		{AE2E0B2F-E9AC-461A-A639-028202F78E97}.Debug|x86.Build.0 = Debug|Win32
		{AE2E0B2F-E9AC-461A-A639-028202F78E97}.Release|x64.ActiveCfg = Release|x64
		{AE2E0B2F-E9AC-461A-A639-028202F78E97}.Release|x64.Build.0 = Release|x64
		{AE2E0B2F-E9AC-461A-A639-028202F78E97}.Release|x86.ActiveCfg = Release|Win32
		{AE2E0B2F-E9AC-461A-A639-028202F78E97}.Release|x86.Build.0 = Release|Win32
		{CC37F620-84DC-478B-BF19-ED208556E54E}.Debug|x64.ActiveCfg = Debug|x64
		{CC37F620-84DC-478B-BF19-ED208556E54E}.Debug|x64.Build.0 = Debug|x64
		{CC37F620-84DC-478B-BF19-ED208556E54E}.Debug|x86.ActiveCfg = Debug|Win32
		{CC37F620-84DC-478B-BF19-ED208556E54E}.Debug|x86.Build.0 = Debug|Win32
		{CC37F620-84DC-478B-BF19-ED208556E54E}.Release|x64.ActiveCfg = Release|x64
		{CC37F620-84DC-478B-BF19-ED208556E54E}.Release|x64.Build.0 = Release|x64
		{CC37F620-84DC-478B-BF19-ED208556E54E}.Release|x86.ActiveCfg = Release|Win32
		{CC37F620-84DC-478B-BF19-ED208556E54E}.Release|x86.Build.0 = Release|Win32
		{2751CD88-4F2F-44A5-9DB7-0185E0A389C8}.Debug|x64.ActiveCfg = Debug|x64
		{2751CD88-4F2F-44A5-9DB7-0185E0A389C8}.Debug|x64.Build.0 = Debug|x64
		{2751CD88-4F2F-44A5-9DB7-0185E0A389C8}.Debug|x86.ActiveCfg = Debug|Win32
		{2751CD88-4F2F-44A5-9DB7-0185E0A389C8}.Debug|x86.Build.0 = Debug|Win32
		{2751CD88-4F2F-44A5-9DB7-0185E0A389C8}.Release|x64.ActiveCfg = Release|x64
		{2751CD88-4F2F-44A5-9DB7-0185E0A389C8}.Release|x64.Build.0 = Release|x64
		{2751CD88-4F2F-44A5-9DB7-0185E0A389C8}.Release|x86.ActiveCfg = Release|Win32
		{2751CD88-4F2F-44A5-9DB7-0185E0A389C8}.Release|x86.Build.0 = Release|Win32
		{4ED9B821-91F2-4C87-9E85-180590D4D941}.Debug|x64.ActiveCfg = Debug|x64
		{4ED9B821-91F2-4C87-9E85-180590D4D941}.Debug|x64.Build.0 = Debug|x64
		{4ED9B821-91F2-4C87-9E85-180590D4D941}.Debug|x86.ActiveCfg = Debug|Win32
		{4ED9B821-91F2-4C87-9E85-180590D4D941}.Debug|x86.Build.0 = Debug|Win32
		{4ED9B821-91F2-4C87-9E85-180590D4D941}.Release|x64.ActiveCfg = Release|x64
		{4ED9B821-91F2-4C87-9E85-180590D4D941}.Release|x64.Build.0 = Release|x64
		{4ED9B821-91F2-4C87-9E85-180590D4D941}.Release|x86.ActiveCfg = Release|Win32
		{4ED9B821-91F2-4C87-9E85-180590D4D941}.Release|x86.Build.0 = Release|Win32
		{B9C6E94E-B733-441F-8141-D2461D4C9302}.Debug|x64.ActiveCfg = Debug|x64
		{B9C6E94E-B733-441F-8141-D2461D4C9302}.Debug|x64.Build.0 = Debug|x64
		{B9C6E94E-B733-441F-8141-D2461D4C9302}.Debug|x86.ActiveCfg = Debug|Win32
		{B9C6E94E-B733-441F-8141-D2461D4C9302}.Debug|x86.Build.0 = Debug|Win32
		{B9C6E94E-B733-441F-8141-D2461D4C9302}.Release|x64.ActiveCfg = Release|x64
		{B9C6E94E-B733-441F-8141-D2461D4C9302}.Release|x64.Build.0 = Release|x64
		{B9C6E94E-B733-441F-8141-D2461D4C9302}.Release|x86.ActiveCfg = Release|Win32
		{B9C6E94E-B733-441F-8141-D2461D4C9302}.Release|x86.Build.0 = Release|Win32
		{21C53676-ED1E-4E79-9771-E8942B32B9E4}.Debug|x64.ActiveCfg = Debug|x64
		{21C53676-ED1E-4E79-9771-E8942B32B9E4}.Debug|x64.Build.0 = Debug|x64
		{21C53676-ED1E-4E79-9771-E8942B32B9E4}.Debug|x86.ActiveCfg = Debug|Win32
		{21C53676-ED1E-4E79-9771-E8942B32B9E4}.Debug|x86.Build.0 = Debug|Win32
		{21C53676-ED1E-4E79-9771-E8942B32B9E4}.Release|x64.ActiveCfg = Release|x64
		{21C53676-ED1E-4E79-9771-E8942B32B9E4}.Release|x64.Build.0 = Release|x64
		{21C53676-ED1E-4E79-9771-E8942B32B9E4}.Release|x86.ActiveCfg = Release|Win32
		{21C53676-ED1E-4E79-9771-E8942B32B9E4}.Release|x86.Build.0 = Release|Win32
		{C6D535BB-6CE4-4B9D-A18B-C535ABC94BA1}.Debug|x64.ActiveCfg = Debug|x64
		{C6D535BB-6CE4-4B9D-A18B-C535ABC94BA1}.Debug|x64.Build.0 = Debug|x64
		{C6D535BB-6CE4-4B9D-A18B-C535ABC94BA1}.Debug|x86.ActiveCfg = Debug|Win32
		{C6D535BB-6CE4-4B9D-A18B-C535ABC94BA1}.Debug|x86.Build.0 = Debug|Win32
		{C6D535BB-6CE4-4B9D-A18B-C535ABC94BA1}.Release|x64.ActiveCfg = Release|x64
		{C6D535BB-6CE4-4B9D-A18B-C535ABC94BA1}.Release|x64.Build.0 = Release|x64
		{C6D535BB-6CE4-4B9D-A18B-C535ABC94BA1}.Release|x86.ActiveCfg = Release|Win32
		{C6D535BB-6CE4-4B9D-A18B-C535ABC94BA1}.Release|x86.Build.0 = Release|Win32
		{41765F54-7865-4984-9E81-6BF2BFCC869C}.Debug|x64.ActiveCfg = Debug|x64
		{41765F54-7865-4984-9E81-6BF2BFCC869C}.Debug|x64.Build.0 = Debug|x64
		{41765F54-7865-4984-9E81-6BF2BFCC869C}.Debug|x86.ActiveCfg = Debug|Win32
		{41765F54-7865-4984-9E81-6BF2BFCC869C}.Debug|x86.Build.0 = Debug|Win32
		{41765F54-7865-4984-9E81-6BF2BFCC869C}.Release|x64.ActiveCfg = Release|x64
		{41765F54-7865-4984-9E81-6BF2BFCC869C}.Release|x64.Build.0 = Release|x64
		{41765F54-7865-4984-9E81-6BF2BFCC869C}.Release|x86.ActiveCfg = Release|Win32
		{41765F54-7865-4984-9E81-6BF2BFCC869C}.Release|x86.Build.0 = Release|Win32
		{82E522BA-5546-46F1-92E9-7B381010DC91}.Debug|x64.ActiveCfg = Debug|x64
		{82E522BA-5546-46F1-92E9-7B381010DC91}.Debug|x64.Build.0 = Debug|x64
		{82E522BA-5546-46F1-92E9-7B381010DC91}.Debug|x86.ActiveCfg = Debug|Win32
		{82E522BA-5546-46F1-92E9-7B381010DC91}.Debug|x86.Build.0 = Debug|Win32
		{82E522BA-5546-46F1-92E9-7B381010DC91}.Release|x64.ActiveCfg = Release|x64
		{82E522BA-5546-46F1-92E9-7B381010DC91}.Release|x64.Build.0 = Release|x64
		{82E522BA-5546-46F1-92E9-7B381010DC91}.Release|x86.ActiveCfg = Release|Win32
		{82E522BA-5546-46F1-92E9-7B381010DC91}.Release|x86.Build.0 = Release|Win32
		{407556A3-B685-45A7-A6F3-73DA5ABB7232}.Debug|x64.ActiveCfg = Debug|x64
		{407556A3-B685-45A7-A6F3-73DA5ABB7232}.Debug|x64.Build.0 = Debug|x64
		{407556A3-B685-45A7-A6F3-73DA5ABB7232}.Debug|x86.ActiveCfg = Debug|Win32
		{407556A3-B685-45A7-A6F3-73DA5ABB7232}.Debug|x86.Build.0 = Debug|Win32
		{407556A3-B685-45A7-A6F3-73DA5ABB7232}.Release|x64.ActiveCfg = Release|x64
		{407556A3-B685-45A7-A6F3-73DA5ABB7232}.Release|x64.Build.0 = Release|x64
		{407556A3-B685-45A7-A6F3-73DA5ABB7232}.Release|x86.ActiveCfg = Release|Win32
		{407556A3-B685-45A7-A6F3-73DA5ABB7232}.Release|x86.Build.0 = Release|Win32
		{95912590-D476-4371-BACC-7A8FFD444ABE}.Debug|x64.ActiveCfg = Debug|x64
		{95912590-D476-4371-BACC-7A8FFD444ABE}.Debug|x64.Build.0 = Debug|x64
		{95912590-D476-4371-BACC-7A8FFD444ABE}.Debug|x86.ActiveCfg = Debug|Win32
		{95912590-D476-4371-BACC-7A8FFD444ABE}.Debug|x86.Build.0 = Debug|Win32
		{95912590-D476-4371-BACC-7A8FFD444ABE}.Release|x64.ActiveCfg = Release|x64
		{95912590-D476-4371-BACC-7A8FFD444ABE}.Release|x64.Build.0 = Release|x64
		{95912590-D476-4371-BACC-7A8FFD444ABE}.Release|x86.ActiveCfg = Release|Win32
		{95912590-D476-4371-BACC-7A8FFD444ABE}.Release|x86.Build.0 = Release|Win32
		{F0D8B19C-3C98-45E5-A332-C97DA530399C}.Debug|x64.ActiveCfg = Debug|x64
		{F0D8B19C-3C98-45E5-A332-C97DA530399C}.Debug|x64.Build.0 = Debug|x64
		{F0D8B19C-3C98-45E5-A332-C97DA530399C}.Debug|x86.ActiveCfg = Debug|Win32
		{F0D8B19C-3C98-45E5-A332-C97DA530399C}.Debug|x86.Build.0 = Debug|Win32
		{F0D8B19C-3C98-45E5-A332-C97DA530399C}.Release|x64.ActiveCfg = Release|x64
		{F0D8B19C-3C98-45E5-A332-C97DA530399C}.Release|x64.Build.0 = Release|x64
		{F0D8B19C-3C98-45E5-A332-C97DA530399C}.Release|x86.ActiveCfg = Release|Win32
		{F0D8B19C-3C98-45E5-A332-C97DA530399C}.Release|x86.Build.0 = Release|Win32
		{19827367-1994-4331-B8C6-119E54065C8C}.Debug|x64.ActiveCfg = Debug|x64
		{19827367-1994-4331-B8C6-119E54065C8C}.Debug|x64.Build.0 = Debug|x64
		{19827367-1994-4331-B8C6-119E54065C8C}.Debug|x86.ActiveCfg = Debug|Win32
		{19827367-1994-4331-B8C6-119E54065C8C}.Debug|x86.Build.0 = Debug|Win32
		{19827367-1994-4331-B8C6-119E54065C8C}.Release|x64.ActiveCfg = Release|x64
		{19827367-1994-4331-B8C6-119E54065C8C}.Release|x64.Build.0 = Release|x64
		{19827367-1994-4331-B8C6-119E54065C8C}.Release|x86.ActiveCfg = Release|Win32
		{19827367-1994-4331-B8C6-119E54065C8C}.Release|x86.Build.0 = Release|Win32
	EndGlobalSection
	GlobalSection(SolutionProperties) = preSolution
		HideSolutionNode = FALSE
	EndGlobalSection
	GlobalSection(ExtensibilityGlobals) = postSolution
		SolutionGuid = {344CA83D-5DB1-4C2A-A533-A507FF8E5D4B}
	EndGlobalSection
EndGlobal
